
Microsoft Visual Studio Solution File, Format Version 12.00
# Visual Studio Version 16
VisualStudioVersion = 16.0.30717.126
MinimumVisualStudioVersion = 10.0.40219.1
Project("{9A19103F-16F7-4668-BE54-9A1E7A4F7556}") = "LabCMS.EquipmentUsageRecord.Shared", "LabCMS.EquipmentUsageRecord.Shared\LabCMS.EquipmentUsageRecord.Shared.csproj", "{28DE35E7-F2C5-4926-8163-3CBF81980A20}"
EndProject
Project("{9A19103F-16F7-4668-BE54-9A1E7A4F7556}") = "LabCMS.EquipmentUsageRecord.Server", "LabCMS.EquipmentUsageRecord.Server\LabCMS.EquipmentUsageRecord.Server.csproj", "{41B1AF15-F202-4085-ABF4-96122EBDF494}"
EndProject
Project("{9A19103F-16F7-4668-BE54-9A1E7A4F7556}") = "LabCMS.EquipmentUsageRecord.MigrationHelper", "LabCMS.EquipmentUsageRecord.MigrationHelper\LabCMS.EquipmentUsageRecord.MigrationHelper.csproj", "{187231E2-A25D-47FB-B83A-9DB85F6BBC33}"
EndProject
Project("{9A19103F-16F7-4668-BE54-9A1E7A4F7556}") = "LabCMS.Gateway.Shared", "LabCMS.Gateway.Shared\LabCMS.Gateway.Shared.csproj", "{69A4D723-8DDF-4309-8215-1C8739A4D9BD}"
EndProject
Project("{9A19103F-16F7-4668-BE54-9A1E7A4F7556}") = "LabCMS.Gateway.Server", "LabCMS.Gateway.Server\LabCMS.Gateway.Server.csproj", "{5DB970AE-A100-413F-8F9E-AF64486E5D1B}"
EndProject
Project("{FAE04EC0-301F-11D3-BF4B-00C04F79EFBC}") = "LabCMS.EquipmentUsageRecord.UnitTest", "LabCMS.EquipmentUsageRecord.UnitTest\LabCMS.EquipmentUsageRecord.UnitTest.csproj", "{41611205-28FC-4AC2-B050-07EC8E705C0E}"
EndProject
Project("{FAE04EC0-301F-11D3-BF4B-00C04F79EFBC}") = "LabCMS.EquipmentUsageRecord.MachineDown", "LabCMS.EquipmentUsageRecord.MachineDown\LabCMS.EquipmentUsageRecord.MachineDown.csproj", "{9AEDC02C-C335-468E-BDCD-551DE04D1D3F}"
EndProject
Global
	GlobalSection(SolutionConfigurationPlatforms) = preSolution
		Debug|Any CPU = Debug|Any CPU
		Debug|ARM = Debug|ARM
		Debug|ARM64 = Debug|ARM64
		Debug|x64 = Debug|x64
		Debug|x86 = Debug|x86
		Release|Any CPU = Release|Any CPU
		Release|ARM = Release|ARM
		Release|ARM64 = Release|ARM64
		Release|x64 = Release|x64
		Release|x86 = Release|x86
	EndGlobalSection
	GlobalSection(ProjectConfigurationPlatforms) = postSolution
		{28DE35E7-F2C5-4926-8163-3CBF81980A20}.Debug|Any CPU.ActiveCfg = Debug|Any CPU
		{28DE35E7-F2C5-4926-8163-3CBF81980A20}.Debug|Any CPU.Build.0 = Debug|Any CPU
		{28DE35E7-F2C5-4926-8163-3CBF81980A20}.Debug|ARM.ActiveCfg = Debug|Any CPU
		{28DE35E7-F2C5-4926-8163-3CBF81980A20}.Debug|ARM.Build.0 = Debug|Any CPU
		{28DE35E7-F2C5-4926-8163-3CBF81980A20}.Debug|ARM64.ActiveCfg = Debug|Any CPU
		{28DE35E7-F2C5-4926-8163-3CBF81980A20}.Debug|ARM64.Build.0 = Debug|Any CPU
		{28DE35E7-F2C5-4926-8163-3CBF81980A20}.Debug|x64.ActiveCfg = Debug|Any CPU
		{28DE35E7-F2C5-4926-8163-3CBF81980A20}.Debug|x64.Build.0 = Debug|Any CPU
		{28DE35E7-F2C5-4926-8163-3CBF81980A20}.Debug|x86.ActiveCfg = Debug|Any CPU
		{28DE35E7-F2C5-4926-8163-3CBF81980A20}.Debug|x86.Build.0 = Debug|Any CPU
		{28DE35E7-F2C5-4926-8163-3CBF81980A20}.Release|Any CPU.ActiveCfg = Release|Any CPU
		{28DE35E7-F2C5-4926-8163-3CBF81980A20}.Release|Any CPU.Build.0 = Release|Any CPU
		{28DE35E7-F2C5-4926-8163-3CBF81980A20}.Release|ARM.ActiveCfg = Release|Any CPU
		{28DE35E7-F2C5-4926-8163-3CBF81980A20}.Release|ARM.Build.0 = Release|Any CPU
		{28DE35E7-F2C5-4926-8163-3CBF81980A20}.Release|ARM64.ActiveCfg = Release|Any CPU
		{28DE35E7-F2C5-4926-8163-3CBF81980A20}.Release|ARM64.Build.0 = Release|Any CPU
		{28DE35E7-F2C5-4926-8163-3CBF81980A20}.Release|x64.ActiveCfg = Release|Any CPU
		{28DE35E7-F2C5-4926-8163-3CBF81980A20}.Release|x64.Build.0 = Release|Any CPU
		{28DE35E7-F2C5-4926-8163-3CBF81980A20}.Release|x86.ActiveCfg = Release|Any CPU
		{28DE35E7-F2C5-4926-8163-3CBF81980A20}.Release|x86.Build.0 = Release|Any CPU
		{41B1AF15-F202-4085-ABF4-96122EBDF494}.Debug|Any CPU.ActiveCfg = Debug|Any CPU
		{41B1AF15-F202-4085-ABF4-96122EBDF494}.Debug|Any CPU.Build.0 = Debug|Any CPU
		{41B1AF15-F202-4085-ABF4-96122EBDF494}.Debug|ARM.ActiveCfg = Debug|Any CPU
		{41B1AF15-F202-4085-ABF4-96122EBDF494}.Debug|ARM.Build.0 = Debug|Any CPU
		{41B1AF15-F202-4085-ABF4-96122EBDF494}.Debug|ARM64.ActiveCfg = Debug|Any CPU
		{41B1AF15-F202-4085-ABF4-96122EBDF494}.Debug|ARM64.Build.0 = Debug|Any CPU
		{41B1AF15-F202-4085-ABF4-96122EBDF494}.Debug|x64.ActiveCfg = Debug|Any CPU
		{41B1AF15-F202-4085-ABF4-96122EBDF494}.Debug|x64.Build.0 = Debug|Any CPU
		{41B1AF15-F202-4085-ABF4-96122EBDF494}.Debug|x86.ActiveCfg = Debug|Any CPU
		{41B1AF15-F202-4085-ABF4-96122EBDF494}.Debug|x86.Build.0 = Debug|Any CPU
		{41B1AF15-F202-4085-ABF4-96122EBDF494}.Release|Any CPU.ActiveCfg = Release|Any CPU
		{41B1AF15-F202-4085-ABF4-96122EBDF494}.Release|Any CPU.Build.0 = Release|Any CPU
		{41B1AF15-F202-4085-ABF4-96122EBDF494}.Release|ARM.ActiveCfg = Release|Any CPU
		{41B1AF15-F202-4085-ABF4-96122EBDF494}.Release|ARM.Build.0 = Release|Any CPU
		{41B1AF15-F202-4085-ABF4-96122EBDF494}.Release|ARM64.ActiveCfg = Release|Any CPU
		{41B1AF15-F202-4085-ABF4-96122EBDF494}.Release|ARM64.Build.0 = Release|Any CPU
		{41B1AF15-F202-4085-ABF4-96122EBDF494}.Release|x64.ActiveCfg = Release|Any CPU
		{41B1AF15-F202-4085-ABF4-96122EBDF494}.Release|x64.Build.0 = Release|Any CPU
		{41B1AF15-F202-4085-ABF4-96122EBDF494}.Release|x86.ActiveCfg = Release|Any CPU
		{41B1AF15-F202-4085-ABF4-96122EBDF494}.Release|x86.Build.0 = Release|Any CPU
		{187231E2-A25D-47FB-B83A-9DB85F6BBC33}.Debug|Any CPU.ActiveCfg = Debug|Any CPU
		{187231E2-A25D-47FB-B83A-9DB85F6BBC33}.Debug|Any CPU.Build.0 = Debug|Any CPU
		{187231E2-A25D-47FB-B83A-9DB85F6BBC33}.Debug|ARM.ActiveCfg = Debug|Any CPU
		{187231E2-A25D-47FB-B83A-9DB85F6BBC33}.Debug|ARM.Build.0 = Debug|Any CPU
		{187231E2-A25D-47FB-B83A-9DB85F6BBC33}.Debug|ARM64.ActiveCfg = Debug|Any CPU
		{187231E2-A25D-47FB-B83A-9DB85F6BBC33}.Debug|ARM64.Build.0 = Debug|Any CPU
		{187231E2-A25D-47FB-B83A-9DB85F6BBC33}.Debug|x64.ActiveCfg = Debug|Any CPU
		{187231E2-A25D-47FB-B83A-9DB85F6BBC33}.Debug|x64.Build.0 = Debug|Any CPU
		{187231E2-A25D-47FB-B83A-9DB85F6BBC33}.Debug|x86.ActiveCfg = Debug|Any CPU
		{187231E2-A25D-47FB-B83A-9DB85F6BBC33}.Debug|x86.Build.0 = Debug|Any CPU
		{187231E2-A25D-47FB-B83A-9DB85F6BBC33}.Release|Any CPU.ActiveCfg = Release|Any CPU
		{187231E2-A25D-47FB-B83A-9DB85F6BBC33}.Release|Any CPU.Build.0 = Release|Any CPU
		{187231E2-A25D-47FB-B83A-9DB85F6BBC33}.Release|ARM.ActiveCfg = Release|Any CPU
		{187231E2-A25D-47FB-B83A-9DB85F6BBC33}.Release|ARM.Build.0 = Release|Any CPU
		{187231E2-A25D-47FB-B83A-9DB85F6BBC33}.Release|ARM64.ActiveCfg = Release|Any CPU
		{187231E2-A25D-47FB-B83A-9DB85F6BBC33}.Release|ARM64.Build.0 = Release|Any CPU
		{187231E2-A25D-47FB-B83A-9DB85F6BBC33}.Release|x64.ActiveCfg = Release|Any CPU
		{187231E2-A25D-47FB-B83A-9DB85F6BBC33}.Release|x64.Build.0 = Release|Any CPU
		{187231E2-A25D-47FB-B83A-9DB85F6BBC33}.Release|x86.ActiveCfg = Release|Any CPU
		{187231E2-A25D-47FB-B83A-9DB85F6BBC33}.Release|x86.Build.0 = Release|Any CPU
		{69A4D723-8DDF-4309-8215-1C8739A4D9BD}.Debug|Any CPU.ActiveCfg = Debug|Any CPU
		{69A4D723-8DDF-4309-8215-1C8739A4D9BD}.Debug|Any CPU.Build.0 = Debug|Any CPU
		{69A4D723-8DDF-4309-8215-1C8739A4D9BD}.Debug|ARM.ActiveCfg = Debug|Any CPU
		{69A4D723-8DDF-4309-8215-1C8739A4D9BD}.Debug|ARM.Build.0 = Debug|Any CPU
		{69A4D723-8DDF-4309-8215-1C8739A4D9BD}.Debug|ARM64.ActiveCfg = Debug|Any CPU
		{69A4D723-8DDF-4309-8215-1C8739A4D9BD}.Debug|ARM64.Build.0 = Debug|Any CPU
		{69A4D723-8DDF-4309-8215-1C8739A4D9BD}.Debug|x64.ActiveCfg = Debug|Any CPU
		{69A4D723-8DDF-4309-8215-1C8739A4D9BD}.Debug|x64.Build.0 = Debug|Any CPU
		{69A4D723-8DDF-4309-8215-1C8739A4D9BD}.Debug|x86.ActiveCfg = Debug|Any CPU
		{69A4D723-8DDF-4309-8215-1C8739A4D9BD}.Debug|x86.Build.0 = Debug|Any CPU
		{69A4D723-8DDF-4309-8215-1C8739A4D9BD}.Release|Any CPU.ActiveCfg = Release|Any CPU
		{69A4D723-8DDF-4309-8215-1C8739A4D9BD}.Release|Any CPU.Build.0 = Release|Any CPU
		{69A4D723-8DDF-4309-8215-1C8739A4D9BD}.Release|ARM.ActiveCfg = Release|Any CPU
		{69A4D723-8DDF-4309-8215-1C8739A4D9BD}.Release|ARM.Build.0 = Release|Any CPU
		{69A4D723-8DDF-4309-8215-1C8739A4D9BD}.Release|ARM64.ActiveCfg = Release|Any CPU
		{69A4D723-8DDF-4309-8215-1C8739A4D9BD}.Release|ARM64.Build.0 = Release|Any CPU
		{69A4D723-8DDF-4309-8215-1C8739A4D9BD}.Release|x64.ActiveCfg = Release|Any CPU
		{69A4D723-8DDF-4309-8215-1C8739A4D9BD}.Release|x64.Build.0 = Release|Any CPU
		{69A4D723-8DDF-4309-8215-1C8739A4D9BD}.Release|x86.ActiveCfg = Release|Any CPU
		{69A4D723-8DDF-4309-8215-1C8739A4D9BD}.Release|x86.Build.0 = Release|Any CPU
		{5DB970AE-A100-413F-8F9E-AF64486E5D1B}.Debug|Any CPU.ActiveCfg = Debug|Any CPU
		{5DB970AE-A100-413F-8F9E-AF64486E5D1B}.Debug|Any CPU.Build.0 = Debug|Any CPU
		{5DB970AE-A100-413F-8F9E-AF64486E5D1B}.Debug|ARM.ActiveCfg = Debug|Any CPU
		{5DB970AE-A100-413F-8F9E-AF64486E5D1B}.Debug|ARM.Build.0 = Debug|Any CPU
		{5DB970AE-A100-413F-8F9E-AF64486E5D1B}.Debug|ARM64.ActiveCfg = Debug|Any CPU
		{5DB970AE-A100-413F-8F9E-AF64486E5D1B}.Debug|ARM64.Build.0 = Debug|Any CPU
		{5DB970AE-A100-413F-8F9E-AF64486E5D1B}.Debug|x64.ActiveCfg = Debug|Any CPU
		{5DB970AE-A100-413F-8F9E-AF64486E5D1B}.Debug|x64.Build.0 = Debug|Any CPU
		{5DB970AE-A100-413F-8F9E-AF64486E5D1B}.Debug|x86.ActiveCfg = Debug|Any CPU
		{5DB970AE-A100-413F-8F9E-AF64486E5D1B}.Debug|x86.Build.0 = Debug|Any CPU
		{5DB970AE-A100-413F-8F9E-AF64486E5D1B}.Release|Any CPU.ActiveCfg = Release|Any CPU
		{5DB970AE-A100-413F-8F9E-AF64486E5D1B}.Release|Any CPU.Build.0 = Release|Any CPU
		{5DB970AE-A100-413F-8F9E-AF64486E5D1B}.Release|ARM.ActiveCfg = Release|Any CPU
		{5DB970AE-A100-413F-8F9E-AF64486E5D1B}.Release|ARM.Build.0 = Release|Any CPU
		{5DB970AE-A100-413F-8F9E-AF64486E5D1B}.Release|ARM64.ActiveCfg = Release|Any CPU
		{5DB970AE-A100-413F-8F9E-AF64486E5D1B}.Release|ARM64.Build.0 = Release|Any CPU
		{5DB970AE-A100-413F-8F9E-AF64486E5D1B}.Release|x64.ActiveCfg = Release|Any CPU
		{5DB970AE-A100-413F-8F9E-AF64486E5D1B}.Release|x64.Build.0 = Release|Any CPU
		{5DB970AE-A100-413F-8F9E-AF64486E5D1B}.Release|x86.ActiveCfg = Release|Any CPU
		{5DB970AE-A100-413F-8F9E-AF64486E5D1B}.Release|x86.Build.0 = Release|Any CPU
		{41611205-28FC-4AC2-B050-07EC8E705C0E}.Debug|Any CPU.ActiveCfg = Debug|Any CPU
		{41611205-28FC-4AC2-B050-07EC8E705C0E}.Debug|Any CPU.Build.0 = Debug|Any CPU
		{41611205-28FC-4AC2-B050-07EC8E705C0E}.Debug|ARM.ActiveCfg = Debug|Any CPU
		{41611205-28FC-4AC2-B050-07EC8E705C0E}.Debug|ARM.Build.0 = Debug|Any CPU
		{41611205-28FC-4AC2-B050-07EC8E705C0E}.Debug|ARM64.ActiveCfg = Debug|Any CPU
		{41611205-28FC-4AC2-B050-07EC8E705C0E}.Debug|ARM64.Build.0 = Debug|Any CPU
		{41611205-28FC-4AC2-B050-07EC8E705C0E}.Debug|x64.ActiveCfg = Debug|Any CPU
		{41611205-28FC-4AC2-B050-07EC8E705C0E}.Debug|x64.Build.0 = Debug|Any CPU
		{41611205-28FC-4AC2-B050-07EC8E705C0E}.Debug|x86.ActiveCfg = Debug|Any CPU
		{41611205-28FC-4AC2-B050-07EC8E705C0E}.Debug|x86.Build.0 = Debug|Any CPU
		{41611205-28FC-4AC2-B050-07EC8E705C0E}.Release|Any CPU.ActiveCfg = Release|Any CPU
		{41611205-28FC-4AC2-B050-07EC8E705C0E}.Release|Any CPU.Build.0 = Release|Any CPU
		{41611205-28FC-4AC2-B050-07EC8E705C0E}.Release|ARM.ActiveCfg = Release|Any CPU
		{41611205-28FC-4AC2-B050-07EC8E705C0E}.Release|ARM.Build.0 = Release|Any CPU
		{41611205-28FC-4AC2-B050-07EC8E705C0E}.Release|ARM64.ActiveCfg = Release|Any CPU
		{41611205-28FC-4AC2-B050-07EC8E705C0E}.Release|ARM64.Build.0 = Release|Any CPU
		{41611205-28FC-4AC2-B050-07EC8E705C0E}.Release|x64.ActiveCfg = Release|Any CPU
		{41611205-28FC-4AC2-B050-07EC8E705C0E}.Release|x64.Build.0 = Release|Any CPU
		{41611205-28FC-4AC2-B050-07EC8E705C0E}.Release|x86.ActiveCfg = Release|Any CPU
		{41611205-28FC-4AC2-B050-07EC8E705C0E}.Release|x86.Build.0 = Release|Any CPU
		{9AEDC02C-C335-468E-BDCD-551DE04D1D3F}.Debug|Any CPU.ActiveCfg = Debug|Any CPU
		{9AEDC02C-C335-468E-BDCD-551DE04D1D3F}.Debug|Any CPU.Build.0 = Debug|Any CPU
		{9AEDC02C-C335-468E-BDCD-551DE04D1D3F}.Debug|ARM.ActiveCfg = Debug|Any CPU
		{9AEDC02C-C335-468E-BDCD-551DE04D1D3F}.Debug|ARM.Build.0 = Debug|Any CPU
		{9AEDC02C-C335-468E-BDCD-551DE04D1D3F}.Debug|ARM64.ActiveCfg = Debug|Any CPU
		{9AEDC02C-C335-468E-BDCD-551DE04D1D3F}.Debug|ARM64.Build.0 = Debug|Any CPU
		{9AEDC02C-C335-468E-BDCD-551DE04D1D3F}.Debug|x64.ActiveCfg = Debug|Any CPU
		{9AEDC02C-C335-468E-BDCD-551DE04D1D3F}.Debug|x64.Build.0 = Debug|Any CPU
		{9AEDC02C-C335-468E-BDCD-551DE04D1D3F}.Debug|x86.ActiveCfg = Debug|Any CPU
		{9AEDC02C-C335-468E-BDCD-551DE04D1D3F}.Debug|x86.Build.0 = Debug|Any CPU
		{9AEDC02C-C335-468E-BDCD-551DE04D1D3F}.Release|Any CPU.ActiveCfg = Release|Any CPU
		{9AEDC02C-C335-468E-BDCD-551DE04D1D3F}.Release|Any CPU.Build.0 = Release|Any CPU
		{9AEDC02C-C335-468E-BDCD-551DE04D1D3F}.Release|ARM.ActiveCfg = Release|Any CPU
		{9AEDC02C-C335-468E-BDCD-551DE04D1D3F}.Release|ARM.Build.0 = Release|Any CPU
		{9AEDC02C-C335-468E-BDCD-551DE04D1D3F}.Release|ARM64.ActiveCfg = Release|Any CPU
		{9AEDC02C-C335-468E-BDCD-551DE04D1D3F}.Release|ARM64.Build.0 = Release|Any CPU
		{9AEDC02C-C335-468E-BDCD-551DE04D1D3F}.Release|x64.ActiveCfg = Release|Any CPU
		{9AEDC02C-C335-468E-BDCD-551DE04D1D3F}.Release|x64.Build.0 = Release|Any CPU
		{9AEDC02C-C335-468E-BDCD-551DE04D1D3F}.Release|x86.ActiveCfg = Release|Any CPU
		{9AEDC02C-C335-468E-BDCD-551DE04D1D3F}.Release|x86.Build.0 = Release|Any CPU
	EndGlobalSection
	GlobalSection(SolutionProperties) = preSolution
		HideSolutionNode = FALSE
	EndGlobalSection
	GlobalSection(ExtensibilityGlobals) = postSolution
		SolutionGuid = {3F4C0B68-2BD3-497C-BF5A-EF3474D3F0AD}
	EndGlobalSection
EndGlobal
